
Microsoft Visual Studio Solution File, Format Version 11.00
# Visual Studio 2010
Project("{FAE04EC0-301F-11D3-BF4B-00C04F79EFBC}") = "BodePlot", "BodePlot\BodePlot.csproj", "{6E146DB8-CAF3-445F-B107-00F546BE2659}"
EndProject
Project("{FAE04EC0-301F-11D3-BF4B-00C04F79EFBC}") = "Graficador", "Graficador\Graficador.csproj", "{D9E1D74E-A34D-4712-AF4D-5AD1FD212F4A}"
EndProject
Project("{FAE04EC0-301F-11D3-BF4B-00C04F79EFBC}") = "Util", "Util\Util.csproj", "{BFF12283-0809-4214-A4E8-12FA7AB27560}"
EndProject
Global
	GlobalSection(SolutionConfigurationPlatforms) = preSolution
		Debug|Any CPU = Debug|Any CPU
		Debug|Mixed Platforms = Debug|Mixed Platforms
		Debug|x86 = Debug|x86
		Release|Any CPU = Release|Any CPU
		Release|Mixed Platforms = Release|Mixed Platforms
		Release|x86 = Release|x86
	EndGlobalSection
	GlobalSection(ProjectConfigurationPlatforms) = postSolution
		{6E146DB8-CAF3-445F-B107-00F546BE2659}.Debug|Any CPU.ActiveCfg = Debug|Any CPU
		{6E146DB8-CAF3-445F-B107-00F546BE2659}.Debug|Any CPU.Build.0 = Debug|Any CPU
		{6E146DB8-CAF3-445F-B107-00F546BE2659}.Debug|Mixed Platforms.ActiveCfg = Debug|Any CPU
		{6E146DB8-CAF3-445F-B107-00F546BE2659}.Debug|Mixed Platforms.Build.0 = Debug|Any CPU
		{6E146DB8-CAF3-445F-B107-00F546BE2659}.Debug|x86.ActiveCfg = Debug|Any CPU
		{6E146DB8-CAF3-445F-B107-00F546BE2659}.Release|Any CPU.ActiveCfg = Release|Any CPU
		{6E146DB8-CAF3-445F-B107-00F546BE2659}.Release|Any CPU.Build.0 = Release|Any CPU
		{6E146DB8-CAF3-445F-B107-00F546BE2659}.Release|Mixed Platforms.ActiveCfg = Release|Any CPU
		{6E146DB8-CAF3-445F-B107-00F546BE2659}.Release|Mixed Platforms.Build.0 = Release|Any CPU
		{6E146DB8-CAF3-445F-B107-00F546BE2659}.Release|x86.ActiveCfg = Release|Any CPU
		{D9E1D74E-A34D-4712-AF4D-5AD1FD212F4A}.Debug|Any CPU.ActiveCfg = Debug|x86
		{D9E1D74E-A34D-4712-AF4D-5AD1FD212F4A}.Debug|Mixed Platforms.ActiveCfg = Debug|x86
		{D9E1D74E-A34D-4712-AF4D-5AD1FD212F4A}.Debug|Mixed Platforms.Build.0 = Debug|x86
		{D9E1D74E-A34D-4712-AF4D-5AD1FD212F4A}.Debug|x86.ActiveCfg = Debug|x86
		{D9E1D74E-A34D-4712-AF4D-5AD1FD212F4A}.Debug|x86.Build.0 = Debug|x86
		{D9E1D74E-A34D-4712-AF4D-5AD1FD212F4A}.Release|Any CPU.ActiveCfg = Release|x86
		{D9E1D74E-A34D-4712-AF4D-5AD1FD212F4A}.Release|Mixed Platforms.ActiveCfg = Release|x86
		{D9E1D74E-A34D-4712-AF4D-5AD1FD212F4A}.Release|Mixed Platforms.Build.0 = Release|x86
		{D9E1D74E-A34D-4712-AF4D-5AD1FD212F4A}.Release|x86.ActiveCfg = Release|x86
		{D9E1D74E-A34D-4712-AF4D-5AD1FD212F4A}.Release|x86.Build.0 = Release|x86
		{BFF12283-0809-4214-A4E8-12FA7AB27560}.Debug|Any CPU.ActiveCfg = Debug|Any CPU
		{BFF12283-0809-4214-A4E8-12FA7AB27560}.Debug|Any CPU.Build.0 = Debug|Any CPU
		{BFF12283-0809-4214-A4E8-12FA7AB27560}.Debug|Mixed Platforms.ActiveCfg = Debug|Any CPU
		{BFF12283-0809-4214-A4E8-12FA7AB27560}.Debug|Mixed Platforms.Build.0 = Debug|Any CPU
		{BFF12283-0809-4214-A4E8-12FA7AB27560}.Debug|x86.ActiveCfg = Debug|Any CPU
		{BFF12283-0809-4214-A4E8-12FA7AB27560}.Release|Any CPU.ActiveCfg = Release|Any CPU
		{BFF12283-0809-4214-A4E8-12FA7AB27560}.Release|Any CPU.Build.0 = Release|Any CPU
		{BFF12283-0809-4214-A4E8-12FA7AB27560}.Release|Mixed Platforms.ActiveCfg = Release|Any CPU
		{BFF12283-0809-4214-A4E8-12FA7AB27560}.Release|Mixed Platforms.Build.0 = Release|Any CPU
		{BFF12283-0809-4214-A4E8-12FA7AB27560}.Release|x86.ActiveCfg = Release|Any CPU
	EndGlobalSection
	GlobalSection(SolutionProperties) = preSolution
		HideSolutionNode = FALSE
	EndGlobalSection
EndGlobal
