
Microsoft Visual Studio Solution File, Format Version 11.00
# Visual Studio 2010
Project("{FAE04EC0-301F-11D3-BF4B-00C04F79EFBC}") = "FormularioPrincipal", "FormularioPrincipal.csproj", "{F2751DB0-F4CF-4034-9588-DD215B838482}"
EndProject
Project("{2150E333-8FDC-42A3-9474-1A3956D46DE8}") = "ProgramFiles", "ProgramFiles", "{346D1F54-78A6-4FC7-93EB-FC1E023FF8BB}"
EndProject
Project("{FAE04EC0-301F-11D3-BF4B-00C04F79EFBC}") = "Controles", "..\ProgramFiles\ControlesTDC\Controles.csproj", "{9C14ECF8-2555-4146-BE0A-98F159399FCE}"
EndProject
Project("{FAE04EC0-301F-11D3-BF4B-00C04F79EFBC}") = "FormularioSplash", "..\ProgramFiles\FormularioSplash\FormularioSplash.csproj", "{86999E12-F3D3-4400-BC1E-1D29A8C544A3}"
EndProject
Project("{FAE04EC0-301F-11D3-BF4B-00C04F79EFBC}") = "BodePlot", "..\ProgramFiles\Proyecto Bode\BodePlot\BodePlot.csproj", "{6E146DB8-CAF3-445F-B107-00F546BE2659}"
EndProject
Project("{FAE04EC0-301F-11D3-BF4B-00C04F79EFBC}") = "Graficador", "..\ProgramFiles\Proyecto Bode\Graficador\Graficador.csproj", "{D9E1D74E-A34D-4712-AF4D-5AD1FD212F4A}"
EndProject
Project("{FAE04EC0-301F-11D3-BF4B-00C04F79EFBC}") = "Util", "..\ProgramFiles\Proyecto Bode\Util\Util.csproj", "{BFF12283-0809-4214-A4E8-12FA7AB27560}"
EndProject
Project("{FAE04EC0-301F-11D3-BF4B-00C04F79EFBC}") = "Root Locus", "..\ProgramFiles\Root Locus\Root Locus.csproj", "{FE3B609E-A8E6-4C59-B965-9431EA4050B5}"
EndProject
Project("{FAE04EC0-301F-11D3-BF4B-00C04F79EFBC}") = "Respuesta Transiente", "..\ProgramFiles\RespuestaTransiente\TeoriaDeControl\Respuesta Transiente.csproj", "{181A48B0-7CFE-4C76-AB64-3ADB77728DA8}"
EndProject
Project("{FAE04EC0-301F-11D3-BF4B-00C04F79EFBC}") = "Controladores", "..\ProgramFiles\Controladores\TeoriaDeControl\Controladores.csproj", "{E8D2972B-B357-4ED3-99DC-F32B2859E8D0}"
EndProject
Project("{FAE04EC0-301F-11D3-BF4B-00C04F79EFBC}") = "Ejemplos", "..\ProgramFiles\Ejemplos\Ejemplos.csproj", "{02FF84D8-387D-400E-B686-1F0DC70E422C}"
EndProject
Project("{2150E333-8FDC-42A3-9474-1A3956D46DE8}") = "SintonizacionControladores", "SintonizacionControladores", "{9810097B-F665-42C3-9F32-24E5E8EBB5BB}"
	ProjectSection(SolutionItems) = preProject
		..\ProgramFiles\SintonizacionControladores\SintonizacionControladoresv1.2.jar = ..\ProgramFiles\SintonizacionControladores\SintonizacionControladoresv1.2.jar
	EndProjectSection
EndProject
Project("{54435603-DBB4-11D2-8724-00A0C9A8B90C}") = "Instalador TC Educativo 4.1.0", "..\Instalador TC Educativo 4.1.0\Instalador TC Educativo 4.1.0.vdproj", "{6F0D170B-5F9C-44A3-9C6F-FAD2772156FC}"
EndProject
Global
	GlobalSection(SolutionConfigurationPlatforms) = preSolution
		CD_ROM|Any CPU = CD_ROM|Any CPU
		CD_ROM|Mixed Platforms = CD_ROM|Mixed Platforms
		CD_ROM|x86 = CD_ROM|x86
		Debug|Any CPU = Debug|Any CPU
		Debug|Mixed Platforms = Debug|Mixed Platforms
		Debug|x86 = Debug|x86
		DVD-5|Any CPU = DVD-5|Any CPU
		DVD-5|Mixed Platforms = DVD-5|Mixed Platforms
		DVD-5|x86 = DVD-5|x86
		Release|Any CPU = Release|Any CPU
		Release|Mixed Platforms = Release|Mixed Platforms
		Release|x86 = Release|x86
		SingleImage|Any CPU = SingleImage|Any CPU
		SingleImage|Mixed Platforms = SingleImage|Mixed Platforms
		SingleImage|x86 = SingleImage|x86
	EndGlobalSection
	GlobalSection(ProjectConfigurationPlatforms) = postSolution
		{F2751DB0-F4CF-4034-9588-DD215B838482}.CD_ROM|Any CPU.ActiveCfg = Release|x86
		{F2751DB0-F4CF-4034-9588-DD215B838482}.CD_ROM|Mixed Platforms.ActiveCfg = Release|x86
		{F2751DB0-F4CF-4034-9588-DD215B838482}.CD_ROM|Mixed Platforms.Build.0 = Release|x86
		{F2751DB0-F4CF-4034-9588-DD215B838482}.CD_ROM|x86.ActiveCfg = Release|x86
		{F2751DB0-F4CF-4034-9588-DD215B838482}.CD_ROM|x86.Build.0 = Release|x86
		{F2751DB0-F4CF-4034-9588-DD215B838482}.Debug|Any CPU.ActiveCfg = Debug|x86
		{F2751DB0-F4CF-4034-9588-DD215B838482}.Debug|Mixed Platforms.ActiveCfg = Debug|x86
		{F2751DB0-F4CF-4034-9588-DD215B838482}.Debug|Mixed Platforms.Build.0 = Debug|x86
		{F2751DB0-F4CF-4034-9588-DD215B838482}.Debug|x86.ActiveCfg = Debug|x86
		{F2751DB0-F4CF-4034-9588-DD215B838482}.Debug|x86.Build.0 = Debug|x86
		{F2751DB0-F4CF-4034-9588-DD215B838482}.DVD-5|Any CPU.ActiveCfg = Debug|x86
		{F2751DB0-F4CF-4034-9588-DD215B838482}.DVD-5|Mixed Platforms.ActiveCfg = Debug|x86
		{F2751DB0-F4CF-4034-9588-DD215B838482}.DVD-5|Mixed Platforms.Build.0 = Debug|x86
		{F2751DB0-F4CF-4034-9588-DD215B838482}.DVD-5|x86.ActiveCfg = Debug|x86
		{F2751DB0-F4CF-4034-9588-DD215B838482}.DVD-5|x86.Build.0 = Debug|x86
		{F2751DB0-F4CF-4034-9588-DD215B838482}.Release|Any CPU.ActiveCfg = Release|x86
		{F2751DB0-F4CF-4034-9588-DD215B838482}.Release|Mixed Platforms.ActiveCfg = Release|x86
		{F2751DB0-F4CF-4034-9588-DD215B838482}.Release|Mixed Platforms.Build.0 = Release|x86
		{F2751DB0-F4CF-4034-9588-DD215B838482}.Release|x86.ActiveCfg = Release|x86
		{F2751DB0-F4CF-4034-9588-DD215B838482}.Release|x86.Build.0 = Release|x86
		{F2751DB0-F4CF-4034-9588-DD215B838482}.SingleImage|Any CPU.ActiveCfg = Release|x86
		{F2751DB0-F4CF-4034-9588-DD215B838482}.SingleImage|Mixed Platforms.ActiveCfg = Release|x86
		{F2751DB0-F4CF-4034-9588-DD215B838482}.SingleImage|Mixed Platforms.Build.0 = Release|x86
		{F2751DB0-F4CF-4034-9588-DD215B838482}.SingleImage|x86.ActiveCfg = Release|x86
		{F2751DB0-F4CF-4034-9588-DD215B838482}.SingleImage|x86.Build.0 = Release|x86
		{9C14ECF8-2555-4146-BE0A-98F159399FCE}.CD_ROM|Any CPU.ActiveCfg = Release|Any CPU
		{9C14ECF8-2555-4146-BE0A-98F159399FCE}.CD_ROM|Any CPU.Build.0 = Release|Any CPU
		{9C14ECF8-2555-4146-BE0A-98F159399FCE}.CD_ROM|Mixed Platforms.ActiveCfg = Release|Any CPU
		{9C14ECF8-2555-4146-BE0A-98F159399FCE}.CD_ROM|Mixed Platforms.Build.0 = Release|Any CPU
		{9C14ECF8-2555-4146-BE0A-98F159399FCE}.CD_ROM|x86.ActiveCfg = Release|Any CPU
		{9C14ECF8-2555-4146-BE0A-98F159399FCE}.Debug|Any CPU.ActiveCfg = Debug|Any CPU
		{9C14ECF8-2555-4146-BE0A-98F159399FCE}.Debug|Any CPU.Build.0 = Debug|Any CPU
		{9C14ECF8-2555-4146-BE0A-98F159399FCE}.Debug|Mixed Platforms.ActiveCfg = Debug|Any CPU
		{9C14ECF8-2555-4146-BE0A-98F159399FCE}.Debug|Mixed Platforms.Build.0 = Debug|Any CPU
		{9C14ECF8-2555-4146-BE0A-98F159399FCE}.Debug|x86.ActiveCfg = Debug|Any CPU
		{9C14ECF8-2555-4146-BE0A-98F159399FCE}.DVD-5|Any CPU.ActiveCfg = Debug|Any CPU
		{9C14ECF8-2555-4146-BE0A-98F159399FCE}.DVD-5|Any CPU.Build.0 = Debug|Any CPU
		{9C14ECF8-2555-4146-BE0A-98F159399FCE}.DVD-5|Mixed Platforms.ActiveCfg = Debug|Any CPU
		{9C14ECF8-2555-4146-BE0A-98F159399FCE}.DVD-5|Mixed Platforms.Build.0 = Debug|Any CPU
		{9C14ECF8-2555-4146-BE0A-98F159399FCE}.DVD-5|x86.ActiveCfg = Debug|Any CPU
		{9C14ECF8-2555-4146-BE0A-98F159399FCE}.Release|Any CPU.ActiveCfg = Release|Any CPU
		{9C14ECF8-2555-4146-BE0A-98F159399FCE}.Release|Any CPU.Build.0 = Release|Any CPU
		{9C14ECF8-2555-4146-BE0A-98F159399FCE}.Release|Mixed Platforms.ActiveCfg = Release|Any CPU
		{9C14ECF8-2555-4146-BE0A-98F159399FCE}.Release|Mixed Platforms.Build.0 = Release|Any CPU
		{9C14ECF8-2555-4146-BE0A-98F159399FCE}.Release|x86.ActiveCfg = Release|Any CPU
		{9C14ECF8-2555-4146-BE0A-98F159399FCE}.SingleImage|Any CPU.ActiveCfg = Release|Any CPU
		{9C14ECF8-2555-4146-BE0A-98F159399FCE}.SingleImage|Any CPU.Build.0 = Release|Any CPU
		{9C14ECF8-2555-4146-BE0A-98F159399FCE}.SingleImage|Mixed Platforms.ActiveCfg = Release|Any CPU
		{9C14ECF8-2555-4146-BE0A-98F159399FCE}.SingleImage|Mixed Platforms.Build.0 = Release|Any CPU
		{9C14ECF8-2555-4146-BE0A-98F159399FCE}.SingleImage|x86.ActiveCfg = Release|Any CPU
		{86999E12-F3D3-4400-BC1E-1D29A8C544A3}.CD_ROM|Any CPU.ActiveCfg = Release|x86
		{86999E12-F3D3-4400-BC1E-1D29A8C544A3}.CD_ROM|Mixed Platforms.ActiveCfg = Release|x86
		{86999E12-F3D3-4400-BC1E-1D29A8C544A3}.CD_ROM|Mixed Platforms.Build.0 = Release|x86
		{86999E12-F3D3-4400-BC1E-1D29A8C544A3}.CD_ROM|x86.ActiveCfg = Release|x86
		{86999E12-F3D3-4400-BC1E-1D29A8C544A3}.CD_ROM|x86.Build.0 = Release|x86
		{86999E12-F3D3-4400-BC1E-1D29A8C544A3}.Debug|Any CPU.ActiveCfg = Debug|x86
		{86999E12-F3D3-4400-BC1E-1D29A8C544A3}.Debug|Mixed Platforms.ActiveCfg = Debug|x86
		{86999E12-F3D3-4400-BC1E-1D29A8C544A3}.Debug|Mixed Platforms.Build.0 = Debug|x86
		{86999E12-F3D3-4400-BC1E-1D29A8C544A3}.Debug|x86.ActiveCfg = Debug|x86
		{86999E12-F3D3-4400-BC1E-1D29A8C544A3}.Debug|x86.Build.0 = Debug|x86
		{86999E12-F3D3-4400-BC1E-1D29A8C544A3}.DVD-5|Any CPU.ActiveCfg = Debug|x86
		{86999E12-F3D3-4400-BC1E-1D29A8C544A3}.DVD-5|Mixed Platforms.ActiveCfg = Debug|x86
		{86999E12-F3D3-4400-BC1E-1D29A8C544A3}.DVD-5|Mixed Platforms.Build.0 = Debug|x86
		{86999E12-F3D3-4400-BC1E-1D29A8C544A3}.DVD-5|x86.ActiveCfg = Debug|x86
		{86999E12-F3D3-4400-BC1E-1D29A8C544A3}.DVD-5|x86.Build.0 = Debug|x86
		{86999E12-F3D3-4400-BC1E-1D29A8C544A3}.Release|Any CPU.ActiveCfg = Release|x86
		{86999E12-F3D3-4400-BC1E-1D29A8C544A3}.Release|Mixed Platforms.ActiveCfg = Release|x86
		{86999E12-F3D3-4400-BC1E-1D29A8C544A3}.Release|Mixed Platforms.Build.0 = Release|x86
		{86999E12-F3D3-4400-BC1E-1D29A8C544A3}.Release|x86.ActiveCfg = Release|x86
		{86999E12-F3D3-4400-BC1E-1D29A8C544A3}.Release|x86.Build.0 = Release|x86
		{86999E12-F3D3-4400-BC1E-1D29A8C544A3}.SingleImage|Any CPU.ActiveCfg = Release|x86
		{86999E12-F3D3-4400-BC1E-1D29A8C544A3}.SingleImage|Mixed Platforms.ActiveCfg = Release|x86
		{86999E12-F3D3-4400-BC1E-1D29A8C544A3}.SingleImage|Mixed Platforms.Build.0 = Release|x86
		{86999E12-F3D3-4400-BC1E-1D29A8C544A3}.SingleImage|x86.ActiveCfg = Release|x86
		{86999E12-F3D3-4400-BC1E-1D29A8C544A3}.SingleImage|x86.Build.0 = Release|x86
		{6E146DB8-CAF3-445F-B107-00F546BE2659}.CD_ROM|Any CPU.ActiveCfg = Release|Any CPU
		{6E146DB8-CAF3-445F-B107-00F546BE2659}.CD_ROM|Any CPU.Build.0 = Release|Any CPU
		{6E146DB8-CAF3-445F-B107-00F546BE2659}.CD_ROM|Mixed Platforms.ActiveCfg = Release|Any CPU
		{6E146DB8-CAF3-445F-B107-00F546BE2659}.CD_ROM|Mixed Platforms.Build.0 = Release|Any CPU
		{6E146DB8-CAF3-445F-B107-00F546BE2659}.CD_ROM|x86.ActiveCfg = Release|Any CPU
		{6E146DB8-CAF3-445F-B107-00F546BE2659}.Debug|Any CPU.ActiveCfg = Debug|Any CPU
		{6E146DB8-CAF3-445F-B107-00F546BE2659}.Debug|Any CPU.Build.0 = Debug|Any CPU
		{6E146DB8-CAF3-445F-B107-00F546BE2659}.Debug|Mixed Platforms.ActiveCfg = Debug|Any CPU
		{6E146DB8-CAF3-445F-B107-00F546BE2659}.Debug|Mixed Platforms.Build.0 = Debug|Any CPU
		{6E146DB8-CAF3-445F-B107-00F546BE2659}.Debug|x86.ActiveCfg = Debug|Any CPU
		{6E146DB8-CAF3-445F-B107-00F546BE2659}.DVD-5|Any CPU.ActiveCfg = Debug|Any CPU
		{6E146DB8-CAF3-445F-B107-00F546BE2659}.DVD-5|Any CPU.Build.0 = Debug|Any CPU
		{6E146DB8-CAF3-445F-B107-00F546BE2659}.DVD-5|Mixed Platforms.ActiveCfg = Debug|Any CPU
		{6E146DB8-CAF3-445F-B107-00F546BE2659}.DVD-5|Mixed Platforms.Build.0 = Debug|Any CPU
		{6E146DB8-CAF3-445F-B107-00F546BE2659}.DVD-5|x86.ActiveCfg = Debug|Any CPU
		{6E146DB8-CAF3-445F-B107-00F546BE2659}.Release|Any CPU.ActiveCfg = Release|Any CPU
		{6E146DB8-CAF3-445F-B107-00F546BE2659}.Release|Any CPU.Build.0 = Release|Any CPU
		{6E146DB8-CAF3-445F-B107-00F546BE2659}.Release|Mixed Platforms.ActiveCfg = Release|Any CPU
		{6E146DB8-CAF3-445F-B107-00F546BE2659}.Release|Mixed Platforms.Build.0 = Release|Any CPU
		{6E146DB8-CAF3-445F-B107-00F546BE2659}.Release|x86.ActiveCfg = Release|Any CPU
		{6E146DB8-CAF3-445F-B107-00F546BE2659}.SingleImage|Any CPU.ActiveCfg = Release|Any CPU
		{6E146DB8-CAF3-445F-B107-00F546BE2659}.SingleImage|Any CPU.Build.0 = Release|Any CPU
		{6E146DB8-CAF3-445F-B107-00F546BE2659}.SingleImage|Mixed Platforms.ActiveCfg = Release|Any CPU
		{6E146DB8-CAF3-445F-B107-00F546BE2659}.SingleImage|Mixed Platforms.Build.0 = Release|Any CPU
		{6E146DB8-CAF3-445F-B107-00F546BE2659}.SingleImage|x86.ActiveCfg = Release|Any CPU
		{D9E1D74E-A34D-4712-AF4D-5AD1FD212F4A}.CD_ROM|Any CPU.ActiveCfg = Release|x86
		{D9E1D74E-A34D-4712-AF4D-5AD1FD212F4A}.CD_ROM|Mixed Platforms.ActiveCfg = Release|x86
		{D9E1D74E-A34D-4712-AF4D-5AD1FD212F4A}.CD_ROM|Mixed Platforms.Build.0 = Release|x86
		{D9E1D74E-A34D-4712-AF4D-5AD1FD212F4A}.CD_ROM|x86.ActiveCfg = Release|x86
		{D9E1D74E-A34D-4712-AF4D-5AD1FD212F4A}.CD_ROM|x86.Build.0 = Release|x86
		{D9E1D74E-A34D-4712-AF4D-5AD1FD212F4A}.Debug|Any CPU.ActiveCfg = Debug|x86
		{D9E1D74E-A34D-4712-AF4D-5AD1FD212F4A}.Debug|Mixed Platforms.ActiveCfg = Debug|x86
		{D9E1D74E-A34D-4712-AF4D-5AD1FD212F4A}.Debug|Mixed Platforms.Build.0 = Debug|x86
		{D9E1D74E-A34D-4712-AF4D-5AD1FD212F4A}.Debug|x86.ActiveCfg = Debug|x86
		{D9E1D74E-A34D-4712-AF4D-5AD1FD212F4A}.Debug|x86.Build.0 = Debug|x86
		{D9E1D74E-A34D-4712-AF4D-5AD1FD212F4A}.DVD-5|Any CPU.ActiveCfg = Debug|x86
		{D9E1D74E-A34D-4712-AF4D-5AD1FD212F4A}.DVD-5|Mixed Platforms.ActiveCfg = Debug|x86
		{D9E1D74E-A34D-4712-AF4D-5AD1FD212F4A}.DVD-5|Mixed Platforms.Build.0 = Debug|x86
		{D9E1D74E-A34D-4712-AF4D-5AD1FD212F4A}.DVD-5|x86.ActiveCfg = Debug|x86
		{D9E1D74E-A34D-4712-AF4D-5AD1FD212F4A}.DVD-5|x86.Build.0 = Debug|x86
		{D9E1D74E-A34D-4712-AF4D-5AD1FD212F4A}.Release|Any CPU.ActiveCfg = Release|x86
		{D9E1D74E-A34D-4712-AF4D-5AD1FD212F4A}.Release|Mixed Platforms.ActiveCfg = Release|x86
		{D9E1D74E-A34D-4712-AF4D-5AD1FD212F4A}.Release|Mixed Platforms.Build.0 = Release|x86
		{D9E1D74E-A34D-4712-AF4D-5AD1FD212F4A}.Release|x86.ActiveCfg = Release|x86
		{D9E1D74E-A34D-4712-AF4D-5AD1FD212F4A}.Release|x86.Build.0 = Release|x86
		{D9E1D74E-A34D-4712-AF4D-5AD1FD212F4A}.SingleImage|Any CPU.ActiveCfg = Release|x86
		{D9E1D74E-A34D-4712-AF4D-5AD1FD212F4A}.SingleImage|Mixed Platforms.ActiveCfg = Release|x86
		{D9E1D74E-A34D-4712-AF4D-5AD1FD212F4A}.SingleImage|Mixed Platforms.Build.0 = Release|x86
		{D9E1D74E-A34D-4712-AF4D-5AD1FD212F4A}.SingleImage|x86.ActiveCfg = Release|x86
		{D9E1D74E-A34D-4712-AF4D-5AD1FD212F4A}.SingleImage|x86.Build.0 = Release|x86
		{BFF12283-0809-4214-A4E8-12FA7AB27560}.CD_ROM|Any CPU.ActiveCfg = Release|Any CPU
		{BFF12283-0809-4214-A4E8-12FA7AB27560}.CD_ROM|Any CPU.Build.0 = Release|Any CPU
		{BFF12283-0809-4214-A4E8-12FA7AB27560}.CD_ROM|Mixed Platforms.ActiveCfg = Release|Any CPU
		{BFF12283-0809-4214-A4E8-12FA7AB27560}.CD_ROM|Mixed Platforms.Build.0 = Release|Any CPU
		{BFF12283-0809-4214-A4E8-12FA7AB27560}.CD_ROM|x86.ActiveCfg = Release|Any CPU
		{BFF12283-0809-4214-A4E8-12FA7AB27560}.Debug|Any CPU.ActiveCfg = Debug|Any CPU
		{BFF12283-0809-4214-A4E8-12FA7AB27560}.Debug|Any CPU.Build.0 = Debug|Any CPU
		{BFF12283-0809-4214-A4E8-12FA7AB27560}.Debug|Mixed Platforms.ActiveCfg = Debug|Any CPU
		{BFF12283-0809-4214-A4E8-12FA7AB27560}.Debug|Mixed Platforms.Build.0 = Debug|Any CPU
		{BFF12283-0809-4214-A4E8-12FA7AB27560}.Debug|x86.ActiveCfg = Debug|Any CPU
		{BFF12283-0809-4214-A4E8-12FA7AB27560}.DVD-5|Any CPU.ActiveCfg = Debug|Any CPU
		{BFF12283-0809-4214-A4E8-12FA7AB27560}.DVD-5|Any CPU.Build.0 = Debug|Any CPU
		{BFF12283-0809-4214-A4E8-12FA7AB27560}.DVD-5|Mixed Platforms.ActiveCfg = Debug|Any CPU
		{BFF12283-0809-4214-A4E8-12FA7AB27560}.DVD-5|Mixed Platforms.Build.0 = Debug|Any CPU
		{BFF12283-0809-4214-A4E8-12FA7AB27560}.DVD-5|x86.ActiveCfg = Debug|Any CPU
		{BFF12283-0809-4214-A4E8-12FA7AB27560}.Release|Any CPU.ActiveCfg = Release|Any CPU
		{BFF12283-0809-4214-A4E8-12FA7AB27560}.Release|Any CPU.Build.0 = Release|Any CPU
		{BFF12283-0809-4214-A4E8-12FA7AB27560}.Release|Mixed Platforms.ActiveCfg = Release|Any CPU
		{BFF12283-0809-4214-A4E8-12FA7AB27560}.Release|Mixed Platforms.Build.0 = Release|Any CPU
		{BFF12283-0809-4214-A4E8-12FA7AB27560}.Release|x86.ActiveCfg = Release|Any CPU
		{BFF12283-0809-4214-A4E8-12FA7AB27560}.SingleImage|Any CPU.ActiveCfg = Release|Any CPU
		{BFF12283-0809-4214-A4E8-12FA7AB27560}.SingleImage|Any CPU.Build.0 = Release|Any CPU
		{BFF12283-0809-4214-A4E8-12FA7AB27560}.SingleImage|Mixed Platforms.ActiveCfg = Release|Any CPU
		{BFF12283-0809-4214-A4E8-12FA7AB27560}.SingleImage|Mixed Platforms.Build.0 = Release|Any CPU
		{BFF12283-0809-4214-A4E8-12FA7AB27560}.SingleImage|x86.ActiveCfg = Release|Any CPU
		{FE3B609E-A8E6-4C59-B965-9431EA4050B5}.CD_ROM|Any CPU.ActiveCfg = Release|Any CPU
		{FE3B609E-A8E6-4C59-B965-9431EA4050B5}.CD_ROM|Any CPU.Build.0 = Release|Any CPU
		{FE3B609E-A8E6-4C59-B965-9431EA4050B5}.CD_ROM|Mixed Platforms.ActiveCfg = Release|Any CPU
		{FE3B609E-A8E6-4C59-B965-9431EA4050B5}.CD_ROM|Mixed Platforms.Build.0 = Release|Any CPU
		{FE3B609E-A8E6-4C59-B965-9431EA4050B5}.CD_ROM|x86.ActiveCfg = Release|Any CPU
		{FE3B609E-A8E6-4C59-B965-9431EA4050B5}.Debug|Any CPU.ActiveCfg = Debug|Any CPU
		{FE3B609E-A8E6-4C59-B965-9431EA4050B5}.Debug|Any CPU.Build.0 = Debug|Any CPU
		{FE3B609E-A8E6-4C59-B965-9431EA4050B5}.Debug|Mixed Platforms.ActiveCfg = Debug|Any CPU
		{FE3B609E-A8E6-4C59-B965-9431EA4050B5}.Debug|Mixed Platforms.Build.0 = Debug|Any CPU
		{FE3B609E-A8E6-4C59-B965-9431EA4050B5}.Debug|x86.ActiveCfg = Debug|Any CPU
		{FE3B609E-A8E6-4C59-B965-9431EA4050B5}.DVD-5|Any CPU.ActiveCfg = Debug|Any CPU
		{FE3B609E-A8E6-4C59-B965-9431EA4050B5}.DVD-5|Any CPU.Build.0 = Debug|Any CPU
		{FE3B609E-A8E6-4C59-B965-9431EA4050B5}.DVD-5|Mixed Platforms.ActiveCfg = Debug|Any CPU
		{FE3B609E-A8E6-4C59-B965-9431EA4050B5}.DVD-5|Mixed Platforms.Build.0 = Debug|Any CPU
		{FE3B609E-A8E6-4C59-B965-9431EA4050B5}.DVD-5|x86.ActiveCfg = Debug|Any CPU
		{FE3B609E-A8E6-4C59-B965-9431EA4050B5}.Release|Any CPU.ActiveCfg = Release|Any CPU
		{FE3B609E-A8E6-4C59-B965-9431EA4050B5}.Release|Any CPU.Build.0 = Release|Any CPU
		{FE3B609E-A8E6-4C59-B965-9431EA4050B5}.Release|Mixed Platforms.ActiveCfg = Release|Any CPU
		{FE3B609E-A8E6-4C59-B965-9431EA4050B5}.Release|Mixed Platforms.Build.0 = Release|Any CPU
		{FE3B609E-A8E6-4C59-B965-9431EA4050B5}.Release|x86.ActiveCfg = Release|Any CPU
		{FE3B609E-A8E6-4C59-B965-9431EA4050B5}.SingleImage|Any CPU.ActiveCfg = Release|Any CPU
		{FE3B609E-A8E6-4C59-B965-9431EA4050B5}.SingleImage|Any CPU.Build.0 = Release|Any CPU
		{FE3B609E-A8E6-4C59-B965-9431EA4050B5}.SingleImage|Mixed Platforms.ActiveCfg = Release|Any CPU
		{FE3B609E-A8E6-4C59-B965-9431EA4050B5}.SingleImage|Mixed Platforms.Build.0 = Release|Any CPU
		{FE3B609E-A8E6-4C59-B965-9431EA4050B5}.SingleImage|x86.ActiveCfg = Release|Any CPU
		{181A48B0-7CFE-4C76-AB64-3ADB77728DA8}.CD_ROM|Any CPU.ActiveCfg = Release|x86
		{181A48B0-7CFE-4C76-AB64-3ADB77728DA8}.CD_ROM|Mixed Platforms.ActiveCfg = Release|x86
		{181A48B0-7CFE-4C76-AB64-3ADB77728DA8}.CD_ROM|Mixed Platforms.Build.0 = Release|x86
		{181A48B0-7CFE-4C76-AB64-3ADB77728DA8}.CD_ROM|x86.ActiveCfg = Release|x86
		{181A48B0-7CFE-4C76-AB64-3ADB77728DA8}.CD_ROM|x86.Build.0 = Release|x86
		{181A48B0-7CFE-4C76-AB64-3ADB77728DA8}.Debug|Any CPU.ActiveCfg = Debug|x86
		{181A48B0-7CFE-4C76-AB64-3ADB77728DA8}.Debug|Mixed Platforms.ActiveCfg = Debug|x86
		{181A48B0-7CFE-4C76-AB64-3ADB77728DA8}.Debug|Mixed Platforms.Build.0 = Debug|x86
		{181A48B0-7CFE-4C76-AB64-3ADB77728DA8}.Debug|x86.ActiveCfg = Debug|x86
		{181A48B0-7CFE-4C76-AB64-3ADB77728DA8}.Debug|x86.Build.0 = Debug|x86
		{181A48B0-7CFE-4C76-AB64-3ADB77728DA8}.DVD-5|Any CPU.ActiveCfg = Debug|x86
		{181A48B0-7CFE-4C76-AB64-3ADB77728DA8}.DVD-5|Mixed Platforms.ActiveCfg = Debug|x86
		{181A48B0-7CFE-4C76-AB64-3ADB77728DA8}.DVD-5|Mixed Platforms.Build.0 = Debug|x86
		{181A48B0-7CFE-4C76-AB64-3ADB77728DA8}.DVD-5|x86.ActiveCfg = Debug|x86
		{181A48B0-7CFE-4C76-AB64-3ADB77728DA8}.DVD-5|x86.Build.0 = Debug|x86
		{181A48B0-7CFE-4C76-AB64-3ADB77728DA8}.Release|Any CPU.ActiveCfg = Release|x86
		{181A48B0-7CFE-4C76-AB64-3ADB77728DA8}.Release|Mixed Platforms.ActiveCfg = Release|x86
		{181A48B0-7CFE-4C76-AB64-3ADB77728DA8}.Release|Mixed Platforms.Build.0 = Release|x86
		{181A48B0-7CFE-4C76-AB64-3ADB77728DA8}.Release|x86.ActiveCfg = Release|x86
		{181A48B0-7CFE-4C76-AB64-3ADB77728DA8}.Release|x86.Build.0 = Release|x86
		{181A48B0-7CFE-4C76-AB64-3ADB77728DA8}.SingleImage|Any CPU.ActiveCfg = Release|x86
		{181A48B0-7CFE-4C76-AB64-3ADB77728DA8}.SingleImage|Mixed Platforms.ActiveCfg = Release|x86
		{181A48B0-7CFE-4C76-AB64-3ADB77728DA8}.SingleImage|Mixed Platforms.Build.0 = Release|x86
		{181A48B0-7CFE-4C76-AB64-3ADB77728DA8}.SingleImage|x86.ActiveCfg = Release|x86
		{181A48B0-7CFE-4C76-AB64-3ADB77728DA8}.SingleImage|x86.Build.0 = Release|x86
		{E8D2972B-B357-4ED3-99DC-F32B2859E8D0}.CD_ROM|Any CPU.ActiveCfg = Release|x86
		{E8D2972B-B357-4ED3-99DC-F32B2859E8D0}.CD_ROM|Mixed Platforms.ActiveCfg = Release|x86
		{E8D2972B-B357-4ED3-99DC-F32B2859E8D0}.CD_ROM|Mixed Platforms.Build.0 = Release|x86
		{E8D2972B-B357-4ED3-99DC-F32B2859E8D0}.CD_ROM|x86.ActiveCfg = Release|x86
		{E8D2972B-B357-4ED3-99DC-F32B2859E8D0}.CD_ROM|x86.Build.0 = Release|x86
		{E8D2972B-B357-4ED3-99DC-F32B2859E8D0}.Debug|Any CPU.ActiveCfg = Debug|x86
		{E8D2972B-B357-4ED3-99DC-F32B2859E8D0}.Debug|Mixed Platforms.ActiveCfg = Debug|x86
		{E8D2972B-B357-4ED3-99DC-F32B2859E8D0}.Debug|Mixed Platforms.Build.0 = Debug|x86
		{E8D2972B-B357-4ED3-99DC-F32B2859E8D0}.Debug|x86.ActiveCfg = Debug|x86
		{E8D2972B-B357-4ED3-99DC-F32B2859E8D0}.Debug|x86.Build.0 = Debug|x86
		{E8D2972B-B357-4ED3-99DC-F32B2859E8D0}.DVD-5|Any CPU.ActiveCfg = Debug|x86
		{E8D2972B-B357-4ED3-99DC-F32B2859E8D0}.DVD-5|Mixed Platforms.ActiveCfg = Debug|x86
		{E8D2972B-B357-4ED3-99DC-F32B2859E8D0}.DVD-5|Mixed Platforms.Build.0 = Debug|x86
		{E8D2972B-B357-4ED3-99DC-F32B2859E8D0}.DVD-5|x86.ActiveCfg = Debug|x86
		{E8D2972B-B357-4ED3-99DC-F32B2859E8D0}.DVD-5|x86.Build.0 = Debug|x86
		{E8D2972B-B357-4ED3-99DC-F32B2859E8D0}.Release|Any CPU.ActiveCfg = Release|x86
		{E8D2972B-B357-4ED3-99DC-F32B2859E8D0}.Release|Mixed Platforms.ActiveCfg = Release|x86
		{E8D2972B-B357-4ED3-99DC-F32B2859E8D0}.Release|Mixed Platforms.Build.0 = Release|x86
		{E8D2972B-B357-4ED3-99DC-F32B2859E8D0}.Release|x86.ActiveCfg = Release|x86
		{E8D2972B-B357-4ED3-99DC-F32B2859E8D0}.Release|x86.Build.0 = Release|x86
		{E8D2972B-B357-4ED3-99DC-F32B2859E8D0}.SingleImage|Any CPU.ActiveCfg = Release|x86
		{E8D2972B-B357-4ED3-99DC-F32B2859E8D0}.SingleImage|Mixed Platforms.ActiveCfg = Release|x86
		{E8D2972B-B357-4ED3-99DC-F32B2859E8D0}.SingleImage|Mixed Platforms.Build.0 = Release|x86
		{E8D2972B-B357-4ED3-99DC-F32B2859E8D0}.SingleImage|x86.ActiveCfg = Release|x86
		{E8D2972B-B357-4ED3-99DC-F32B2859E8D0}.SingleImage|x86.Build.0 = Release|x86
		{02FF84D8-387D-400E-B686-1F0DC70E422C}.CD_ROM|Any CPU.ActiveCfg = Release|x86
		{02FF84D8-387D-400E-B686-1F0DC70E422C}.CD_ROM|Mixed Platforms.ActiveCfg = Release|x86
		{02FF84D8-387D-400E-B686-1F0DC70E422C}.CD_ROM|Mixed Platforms.Build.0 = Release|x86
		{02FF84D8-387D-400E-B686-1F0DC70E422C}.CD_ROM|x86.ActiveCfg = Release|x86
		{02FF84D8-387D-400E-B686-1F0DC70E422C}.CD_ROM|x86.Build.0 = Release|x86
		{02FF84D8-387D-400E-B686-1F0DC70E422C}.Debug|Any CPU.ActiveCfg = Debug|x86
		{02FF84D8-387D-400E-B686-1F0DC70E422C}.Debug|Mixed Platforms.ActiveCfg = Debug|x86
		{02FF84D8-387D-400E-B686-1F0DC70E422C}.Debug|Mixed Platforms.Build.0 = Debug|x86
		{02FF84D8-387D-400E-B686-1F0DC70E422C}.Debug|x86.ActiveCfg = Debug|x86
		{02FF84D8-387D-400E-B686-1F0DC70E422C}.Debug|x86.Build.0 = Debug|x86
		{02FF84D8-387D-400E-B686-1F0DC70E422C}.DVD-5|Any CPU.ActiveCfg = Debug|x86
		{02FF84D8-387D-400E-B686-1F0DC70E422C}.DVD-5|Mixed Platforms.ActiveCfg = Debug|x86
		{02FF84D8-387D-400E-B686-1F0DC70E422C}.DVD-5|Mixed Platforms.Build.0 = Debug|x86
		{02FF84D8-387D-400E-B686-1F0DC70E422C}.DVD-5|x86.ActiveCfg = Debug|x86
		{02FF84D8-387D-400E-B686-1F0DC70E422C}.DVD-5|x86.Build.0 = Debug|x86
		{02FF84D8-387D-400E-B686-1F0DC70E422C}.Release|Any CPU.ActiveCfg = Release|x86
		{02FF84D8-387D-400E-B686-1F0DC70E422C}.Release|Mixed Platforms.ActiveCfg = Release|x86
		{02FF84D8-387D-400E-B686-1F0DC70E422C}.Release|Mixed Platforms.Build.0 = Release|x86
		{02FF84D8-387D-400E-B686-1F0DC70E422C}.Release|x86.ActiveCfg = Release|x86
		{02FF84D8-387D-400E-B686-1F0DC70E422C}.Release|x86.Build.0 = Release|x86
		{02FF84D8-387D-400E-B686-1F0DC70E422C}.SingleImage|Any CPU.ActiveCfg = Release|x86
		{02FF84D8-387D-400E-B686-1F0DC70E422C}.SingleImage|Mixed Platforms.ActiveCfg = Release|x86
		{02FF84D8-387D-400E-B686-1F0DC70E422C}.SingleImage|Mixed Platforms.Build.0 = Release|x86
		{02FF84D8-387D-400E-B686-1F0DC70E422C}.SingleImage|x86.ActiveCfg = Release|x86
		{02FF84D8-387D-400E-B686-1F0DC70E422C}.SingleImage|x86.Build.0 = Release|x86
		{6F0D170B-5F9C-44A3-9C6F-FAD2772156FC}.CD_ROM|Any CPU.ActiveCfg = Release
		{6F0D170B-5F9C-44A3-9C6F-FAD2772156FC}.CD_ROM|Mixed Platforms.ActiveCfg = Release
		{6F0D170B-5F9C-44A3-9C6F-FAD2772156FC}.CD_ROM|x86.ActiveCfg = Release
		{6F0D170B-5F9C-44A3-9C6F-FAD2772156FC}.Debug|Any CPU.ActiveCfg = Debug
		{6F0D170B-5F9C-44A3-9C6F-FAD2772156FC}.Debug|Mixed Platforms.ActiveCfg = Debug
		{6F0D170B-5F9C-44A3-9C6F-FAD2772156FC}.Debug|x86.ActiveCfg = Debug
		{6F0D170B-5F9C-44A3-9C6F-FAD2772156FC}.DVD-5|Any CPU.ActiveCfg = Debug
		{6F0D170B-5F9C-44A3-9C6F-FAD2772156FC}.DVD-5|Mixed Platforms.ActiveCfg = Debug
		{6F0D170B-5F9C-44A3-9C6F-FAD2772156FC}.DVD-5|x86.ActiveCfg = Debug
		{6F0D170B-5F9C-44A3-9C6F-FAD2772156FC}.Release|Any CPU.ActiveCfg = Release
		{6F0D170B-5F9C-44A3-9C6F-FAD2772156FC}.Release|Mixed Platforms.ActiveCfg = Release
		{6F0D170B-5F9C-44A3-9C6F-FAD2772156FC}.Release|x86.ActiveCfg = Release
		{6F0D170B-5F9C-44A3-9C6F-FAD2772156FC}.SingleImage|Any CPU.ActiveCfg = Release
		{6F0D170B-5F9C-44A3-9C6F-FAD2772156FC}.SingleImage|Mixed Platforms.ActiveCfg = Release
		{6F0D170B-5F9C-44A3-9C6F-FAD2772156FC}.SingleImage|x86.ActiveCfg = Release
	EndGlobalSection
	GlobalSection(SolutionProperties) = preSolution
		HideSolutionNode = FALSE
	EndGlobalSection
	GlobalSection(NestedProjects) = preSolution
		{9C14ECF8-2555-4146-BE0A-98F159399FCE} = {346D1F54-78A6-4FC7-93EB-FC1E023FF8BB}
		{86999E12-F3D3-4400-BC1E-1D29A8C544A3} = {346D1F54-78A6-4FC7-93EB-FC1E023FF8BB}
		{6E146DB8-CAF3-445F-B107-00F546BE2659} = {346D1F54-78A6-4FC7-93EB-FC1E023FF8BB}
		{D9E1D74E-A34D-4712-AF4D-5AD1FD212F4A} = {346D1F54-78A6-4FC7-93EB-FC1E023FF8BB}
		{BFF12283-0809-4214-A4E8-12FA7AB27560} = {346D1F54-78A6-4FC7-93EB-FC1E023FF8BB}
		{FE3B609E-A8E6-4C59-B965-9431EA4050B5} = {346D1F54-78A6-4FC7-93EB-FC1E023FF8BB}
		{181A48B0-7CFE-4C76-AB64-3ADB77728DA8} = {346D1F54-78A6-4FC7-93EB-FC1E023FF8BB}
		{E8D2972B-B357-4ED3-99DC-F32B2859E8D0} = {346D1F54-78A6-4FC7-93EB-FC1E023FF8BB}
		{02FF84D8-387D-400E-B686-1F0DC70E422C} = {346D1F54-78A6-4FC7-93EB-FC1E023FF8BB}
		{9810097B-F665-42C3-9F32-24E5E8EBB5BB} = {346D1F54-78A6-4FC7-93EB-FC1E023FF8BB}
	EndGlobalSection
EndGlobal
